
Microsoft Visual Studio Solution File, Format Version 12.00
# Visual Studio Version 16
VisualStudioVersion = 16.0.30717.126
MinimumVisualStudioVersion = 10.0.40219.1
Project("{2150E333-8FDC-42A3-9474-1A3956D46DE8}") = "src", "src", "{8EF83262-7B31-4438-9C20-9AAB164F6E5F}"
EndProject
Project("{2150E333-8FDC-42A3-9474-1A3956D46DE8}") = "tests", "tests", "{81434441-4C2A-4A6F-A372-BA40BAE12F37}"
EndProject
Project("{9A19103F-16F7-4668-BE54-9A1E7A4F7556}") = "CG.Application", "src\Application\CG.Application\CG.Application.csproj", "{72B79266-8EA4-44F6-BDA9-FB1E96EB5CED}"
EndProject
Project("{9A19103F-16F7-4668-BE54-9A1E7A4F7556}") = "CG.Domain", "src\Domain\GC.Domain\CG.Domain.csproj", "{9227B5AC-9386-4E46-9454-E9496A095C63}"
EndProject
Project("{9A19103F-16F7-4668-BE54-9A1E7A4F7556}") = "CG.Infrastructure", "src\Infrastructure\GC.Infrastructure\CG.Infrastructure.csproj", "{00FF8D57-1D1F-4CDA-9679-A17BF5D5A58C}"
EndProject
Project("{9A19103F-16F7-4668-BE54-9A1E7A4F7556}") = "CG.WebApi", "src\WebApi\CG.WebApi\CG.WebApi.csproj", "{BD61B504-C02A-4E0F-AF49-741D32056BA2}"
EndProject
Project("{FAE04EC0-301F-11D3-BF4B-00C04F79EFBC}") = "Application.UnitTests", "tests\Application.UnitTests\Application.UnitTests.csproj", "{62B310F2-EA35-4CAD-A5B4-B169AF6FDDA3}"
EndProject
Global
	GlobalSection(SolutionConfigurationPlatforms) = preSolution
		Debug|Any CPU = Debug|Any CPU
		Release|Any CPU = Release|Any CPU
	EndGlobalSection
	GlobalSection(ProjectConfigurationPlatforms) = postSolution
		{72B79266-8EA4-44F6-BDA9-FB1E96EB5CED}.Debug|Any CPU.ActiveCfg = Debug|Any CPU
		{72B79266-8EA4-44F6-BDA9-FB1E96EB5CED}.Debug|Any CPU.Build.0 = Debug|Any CPU
		{72B79266-8EA4-44F6-BDA9-FB1E96EB5CED}.Release|Any CPU.ActiveCfg = Release|Any CPU
		{72B79266-8EA4-44F6-BDA9-FB1E96EB5CED}.Release|Any CPU.Build.0 = Release|Any CPU
		{9227B5AC-9386-4E46-9454-E9496A095C63}.Debug|Any CPU.ActiveCfg = Debug|Any CPU
		{9227B5AC-9386-4E46-9454-E9496A095C63}.Debug|Any CPU.Build.0 = Debug|Any CPU
		{9227B5AC-9386-4E46-9454-E9496A095C63}.Release|Any CPU.ActiveCfg = Release|Any CPU
		{9227B5AC-9386-4E46-9454-E9496A095C63}.Release|Any CPU.Build.0 = Release|Any CPU
		{00FF8D57-1D1F-4CDA-9679-A17BF5D5A58C}.Debug|Any CPU.ActiveCfg = Debug|Any CPU
		{00FF8D57-1D1F-4CDA-9679-A17BF5D5A58C}.Debug|Any CPU.Build.0 = Debug|Any CPU
		{00FF8D57-1D1F-4CDA-9679-A17BF5D5A58C}.Release|Any CPU.ActiveCfg = Release|Any CPU
		{00FF8D57-1D1F-4CDA-9679-A17BF5D5A58C}.Release|Any CPU.Build.0 = Release|Any CPU
		{BD61B504-C02A-4E0F-AF49-741D32056BA2}.Debug|Any CPU.ActiveCfg = Debug|Any CPU
		{BD61B504-C02A-4E0F-AF49-741D32056BA2}.Debug|Any CPU.Build.0 = Debug|Any CPU
		{BD61B504-C02A-4E0F-AF49-741D32056BA2}.Release|Any CPU.ActiveCfg = Release|Any CPU
		{BD61B504-C02A-4E0F-AF49-741D32056BA2}.Release|Any CPU.Build.0 = Release|Any CPU
		{62B310F2-EA35-4CAD-A5B4-B169AF6FDDA3}.Debug|Any CPU.ActiveCfg = Debug|Any CPU
		{62B310F2-EA35-4CAD-A5B4-B169AF6FDDA3}.Debug|Any CPU.Build.0 = Debug|Any CPU
		{62B310F2-EA35-4CAD-A5B4-B169AF6FDDA3}.Release|Any CPU.ActiveCfg = Release|Any CPU
		{62B310F2-EA35-4CAD-A5B4-B169AF6FDDA3}.Release|Any CPU.Build.0 = Release|Any CPU
	EndGlobalSection
	GlobalSection(SolutionProperties) = preSolution
		HideSolutionNode = FALSE
	EndGlobalSection
	GlobalSection(NestedProjects) = preSolution
		{72B79266-8EA4-44F6-BDA9-FB1E96EB5CED} = {8EF83262-7B31-4438-9C20-9AAB164F6E5F}
		{9227B5AC-9386-4E46-9454-E9496A095C63} = {8EF83262-7B31-4438-9C20-9AAB164F6E5F}
		{00FF8D57-1D1F-4CDA-9679-A17BF5D5A58C} = {8EF83262-7B31-4438-9C20-9AAB164F6E5F}
		{BD61B504-C02A-4E0F-AF49-741D32056BA2} = {8EF83262-7B31-4438-9C20-9AAB164F6E5F}
		{62B310F2-EA35-4CAD-A5B4-B169AF6FDDA3} = {81434441-4C2A-4A6F-A372-BA40BAE12F37}
	EndGlobalSection
	GlobalSection(ExtensibilityGlobals) = postSolution
		SolutionGuid = {A74B9B96-851B-4828-AA5C-FED2A36772F2}
	EndGlobalSection
EndGlobal
